
Microsoft Visual Studio Solution File, Format Version 11.00
# Visual Studio 2010
Project("{6989167D-11E4-40FE-8C1A-2192A86A7E90}") = "CACTUS", "CACTUS.vfproj", "{2CECD596-E387-4116-85A0-1C3EE0DC9F5A}"
EndProject
Global
	GlobalSection(SolutionConfigurationPlatforms) = preSolution
		Debug|Win32 = Debug|Win32
		Release|Win32 = Release|Win32
	EndGlobalSection
	GlobalSection(ProjectConfigurationPlatforms) = postSolution
		{2CECD596-E387-4116-85A0-1C3EE0DC9F5A}.Debug|Win32.ActiveCfg = Debug|Win32
		{2CECD596-E387-4116-85A0-1C3EE0DC9F5A}.Debug|Win32.Build.0 = Debug|Win32
		{2CECD596-E387-4116-85A0-1C3EE0DC9F5A}.Release|Win32.ActiveCfg = Release|Win32
		{2CECD596-E387-4116-85A0-1C3EE0DC9F5A}.Release|Win32.Build.0 = Release|Win32
	EndGlobalSection
	GlobalSection(SolutionProperties) = preSolution
		HideSolutionNode = FALSE
	EndGlobalSection
EndGlobal
